// !$*UTF8*$!
{
	archiveVersion = 1;
	classes = {
	};
	objectVersion = 46;
	objects = {

/* Begin PBXBuildFile section */
		26ECD33B1E874B5C00380F56 /* AppDelegate.swift in Sources */ = {isa = PBXBuildFile; fileRef = 26ECD33A1E874B5C00380F56 /* AppDelegate.swift */; };
		26ECD33D1E874B5C00380F56 /* ViewController.swift in Sources */ = {isa = PBXBuildFile; fileRef = 26ECD33C1E874B5C00380F56 /* ViewController.swift */; };
		26ECD33F1E874B5C00380F56 /* Assets.xcassets in Resources */ = {isa = PBXBuildFile; fileRef = 26ECD33E1E874B5C00380F56 /* Assets.xcassets */; };
		CE04499622A38BA400E8B7A7 /* Rules.txt in Resources */ = {isa = PBXBuildFile; fileRef = CE04499522A38BA400E8B7A7 /* Rules.txt */; };
		CE1D751421BDA90B00286967 /* AnalyseSwiftCodeUnitTests.swift in Sources */ = {isa = PBXBuildFile; fileRef = CE1D751321BDA90B00286967 /* AnalyseSwiftCodeUnitTests.swift */; };
		CE37C72822B17CE800433E5D /* Alerts.swift in Sources */ = {isa = PBXBuildFile; fileRef = CE37C72722B17CE800433E5D /* Alerts.swift */; };
		CE410E93227D383B00D4B351 /* FormatSwiftSummary.swift in Sources */ = {isa = PBXBuildFile; fileRef = CE410E92227D383B00D4B351 /* FormatSwiftSummary.swift */; };
		CE4194AE21BD8C22006808B1 /* AttributableStrings.swift in Sources */ = {isa = PBXBuildFile; fileRef = CE4194AD21BD8C22006808B1 /* AttributableStrings.swift */; };
		CE510E2F2256F34700B53541 /* MenuRulesVC.swift in Sources */ = {isa = PBXBuildFile; fileRef = CE510E2E2256F34700B53541 /* MenuRulesVC.swift */; };
		CE67A6A41FFA066B00BD57BD /* StringExtension.swift in Sources */ = {isa = PBXBuildFile; fileRef = CE67A6A31FFA066B00BD57BD /* StringExtension.swift */; };
		CE83F8BB1FFD329D00C39EC8 /* MyFuncs.swift in Sources */ = {isa = PBXBuildFile; fileRef = CE83F8BA1FFD329C00C39EC8 /* MyFuncs.swift */; };
		CE9BBFF72235598500DCE317 /* WordLookup.swift in Sources */ = {isa = PBXBuildFile; fileRef = CE9BBFF62235598500DCE317 /* WordLookup.swift */; };
		CEA1C5192291C6860033024B /* Main.storyboard in Resources */ = {isa = PBXBuildFile; fileRef = CEA1C5182291C6860033024B /* Main.storyboard */; };
		CEA6263A20067DCA000F923D /* SampleCode.swift in Sources */ = {isa = PBXBuildFile; fileRef = CEA6263920067DCA000F923D /* SampleCode.swift */; };
		CEA6263D20068AA2000F923D /* AnalyseSwift.swift in Sources */ = {isa = PBXBuildFile; fileRef = CEA6263B20068AA2000F923D /* AnalyseSwift.swift */; };
		CEBAD4A42194A8E600CBBCBA /* AnalyseXcodeproj.swift in Sources */ = {isa = PBXBuildFile; fileRef = CEBAD4A32194A8E600CBBCBA /* AnalyseXcodeproj.swift */; };
		CECCE41822539EB800DF2C02 /* PBX.swift in Sources */ = {isa = PBXBuildFile; fileRef = CECCE41722539EB800DF2C02 /* PBX.swift */; };
		CED9D7F9223E090F009978EF /* VBcompatablity.swift in Sources */ = {isa = PBXBuildFile; fileRef = CED9D7F8223E090F009978EF /* VBcompatablity.swift */; };
		CEE94E93223EB84E00A6F2FB /* AnalyseWWDC.swift in Sources */ = {isa = PBXBuildFile; fileRef = CEE94E92223EB84E00A6F2FB /* AnalyseWWDC.swift */; };
		CEED5421229D9537005CC799 /* StoredRules.swift in Sources */ = {isa = PBXBuildFile; fileRef = CEED5420229D9537005CC799 /* StoredRules.swift */; };
		CEF60B442274FDAF00C04442 /* CodeLineDetail.swift in Sources */ = {isa = PBXBuildFile; fileRef = CEF60B432274FDAF00C04442 /* CodeLineDetail.swift */; };
/* End PBXBuildFile section */

/* Begin PBXContainerItemProxy section */
		CE1D751621BDA90B00286967 /* PBXContainerItemProxy */ = {
			isa = PBXContainerItemProxy;
			containerPortal = 26ECD32F1E874B5B00380F56 /* Project object */;
			proxyType = 1;
			remoteGlobalIDString = 26ECD3361E874B5B00380F56;
			remoteInfo = AnalyseSwiftCode;
		};
/* End PBXContainerItemProxy section */

/* Begin PBXFileReference section */
		26ECD3371E874B5C00380F56 /* AnalyseSwiftCode.app */ = {isa = PBXFileReference; explicitFileType = wrapper.application; includeInIndex = 0; path = AnalyseSwiftCode.app; sourceTree = BUILT_PRODUCTS_DIR; };
		26ECD33A1E874B5C00380F56 /* AppDelegate.swift */ = {isa = PBXFileReference; lastKnownFileType = sourcecode.swift; path = AppDelegate.swift; sourceTree = "<group>"; };
		26ECD33C1E874B5C00380F56 /* ViewController.swift */ = {isa = PBXFileReference; lastKnownFileType = sourcecode.swift; path = ViewController.swift; sourceTree = "<group>"; };
		26ECD33E1E874B5C00380F56 /* Assets.xcassets */ = {isa = PBXFileReference; lastKnownFileType = folder.assetcatalog; path = Assets.xcassets; sourceTree = "<group>"; };
		26ECD3431E874B5C00380F56 /* Info.plist */ = {isa = PBXFileReference; lastKnownFileType = text.plist.xml; path = Info.plist; sourceTree = "<group>"; };
		CE04499522A38BA400E8B7A7 /* Rules.txt */ = {isa = PBXFileReference; fileEncoding = 4; lastKnownFileType = text; path = Rules.txt; sourceTree = "<group>"; };
		CE1D751121BDA90B00286967 /* AnalyseSwiftCodeUnitTests.xctest */ = {isa = PBXFileReference; explicitFileType = wrapper.cfbundle; includeInIndex = 0; path = AnalyseSwiftCodeUnitTests.xctest; sourceTree = BUILT_PRODUCTS_DIR; };
		CE1D751321BDA90B00286967 /* AnalyseSwiftCodeUnitTests.swift */ = {isa = PBXFileReference; lastKnownFileType = sourcecode.swift; path = AnalyseSwiftCodeUnitTests.swift; sourceTree = "<group>"; };
		CE1D751521BDA90B00286967 /* Info.plist */ = {isa = PBXFileReference; lastKnownFileType = text.plist.xml; path = Info.plist; sourceTree = "<group>"; };
		CE37C72722B17CE800433E5D /* Alerts.swift */ = {isa = PBXFileReference; lastKnownFileType = sourcecode.swift; path = Alerts.swift; sourceTree = "<group>"; };
		CE410E92227D383B00D4B351 /* FormatSwiftSummary.swift */ = {isa = PBXFileReference; lastKnownFileType = sourcecode.swift; path = FormatSwiftSummary.swift; sourceTree = "<group>"; };
		CE4194AD21BD8C22006808B1 /* AttributableStrings.swift */ = {isa = PBXFileReference; lastKnownFileType = sourcecode.swift; path = AttributableStrings.swift; sourceTree = "<group>"; };
		CE510E2E2256F34700B53541 /* MenuRulesVC.swift */ = {isa = PBXFileReference; lastKnownFileType = sourcecode.swift; path = MenuRulesVC.swift; sourceTree = "<group>"; };
		CE67A6A31FFA066B00BD57BD /* StringExtension.swift */ = {isa = PBXFileReference; fileEncoding = 4; lastKnownFileType = sourcecode.swift; path = StringExtension.swift; sourceTree = "<group>"; };
		CE83F8BA1FFD329C00C39EC8 /* MyFuncs.swift */ = {isa = PBXFileReference; fileEncoding = 4; lastKnownFileType = sourcecode.swift; path = MyFuncs.swift; sourceTree = "<group>"; };
		CE9BBFF62235598500DCE317 /* WordLookup.swift */ = {isa = PBXFileReference; lastKnownFileType = sourcecode.swift; path = WordLookup.swift; sourceTree = "<group>"; };
		CEA1C5182291C6860033024B /* Main.storyboard */ = {isa = PBXFileReference; fileEncoding = 4; lastKnownFileType = file.storyboard; path = Main.storyboard; sourceTree = "<group>"; };
		CEA6263920067DCA000F923D /* SampleCode.swift */ = {isa = PBXFileReference; lastKnownFileType = sourcecode.swift; path = SampleCode.swift; sourceTree = "<group>"; };
		CEA6263B20068AA2000F923D /* AnalyseSwift.swift */ = {isa = PBXFileReference; lastKnownFileType = sourcecode.swift; path = AnalyseSwift.swift; sourceTree = "<group>"; };
		CEBAD4A32194A8E600CBBCBA /* AnalyseXcodeproj.swift */ = {isa = PBXFileReference; lastKnownFileType = sourcecode.swift; path = AnalyseXcodeproj.swift; sourceTree = "<group>"; };
		CECCE41722539EB800DF2C02 /* PBX.swift */ = {isa = PBXFileReference; lastKnownFileType = sourcecode.swift; path = PBX.swift; sourceTree = "<group>"; };
		CED9D7F8223E090F009978EF /* VBcompatablity.swift */ = {isa = PBXFileReference; fileEncoding = 4; lastKnownFileType = sourcecode.swift; path = VBcompatablity.swift; sourceTree = "<group>"; };
		CEE94E92223EB84E00A6F2FB /* AnalyseWWDC.swift */ = {isa = PBXFileReference; lastKnownFileType = sourcecode.swift; path = AnalyseWWDC.swift; sourceTree = "<group>"; };
		CEED5420229D9537005CC799 /* StoredRules.swift */ = {isa = PBXFileReference; lastKnownFileType = sourcecode.swift; path = StoredRules.swift; sourceTree = "<group>"; };
		CEF60B432274FDAF00C04442 /* CodeLineDetail.swift */ = {isa = PBXFileReference; lastKnownFileType = sourcecode.swift; path = CodeLineDetail.swift; sourceTree = "<group>"; };
/* End PBXFileReference section */

/* Begin PBXFrameworksBuildPhase section */
		26ECD3341E874B5B00380F56 /* Frameworks */ = {
			isa = PBXFrameworksBuildPhase;
			buildActionMask = 2147483647;
			files = (
			);
			runOnlyForDeploymentPostprocessing = 0;
		};
		CE1D750E21BDA90B00286967 /* Frameworks */ = {
			isa = PBXFrameworksBuildPhase;
			buildActionMask = 2147483647;
			files = (
			);
			runOnlyForDeploymentPostprocessing = 0;
		};
/* End PBXFrameworksBuildPhase section */

/* Begin PBXGroup section */
		26ECD32E1E874B5B00380F56 = {
			isa = PBXGroup;
			children = (
				26ECD3391E874B5C00380F56 /* AnalyseSwift */,
				CE1D751221BDA90B00286967 /* AnalyseSwiftCodeUnitTests */,
				26ECD3381E874B5C00380F56 /* Products */,
			);
			sourceTree = "<group>";
		};
		26ECD3381E874B5C00380F56 /* Products */ = {
			isa = PBXGroup;
			children = (
				26ECD3371E874B5C00380F56 /* AnalyseSwiftCode.app */,
				CE1D751121BDA90B00286967 /* AnalyseSwiftCodeUnitTests.xctest */,
			);
			name = Products;
			sourceTree = "<group>";
		};
		26ECD3391E874B5C00380F56 /* AnalyseSwift */ = {
			isa = PBXGroup;
			children = (
				26ECD33A1E874B5C00380F56 /* AppDelegate.swift */,
				CEA6263B20068AA2000F923D /* AnalyseSwift.swift */,
				CEE94E92223EB84E00A6F2FB /* AnalyseWWDC.swift */,
				CEBAD4A32194A8E600CBBCBA /* AnalyseXcodeproj.swift */,
				CE37C72722B17CE800433E5D /* Alerts.swift */,
				CE4194AD21BD8C22006808B1 /* AttributableStrings.swift */,
				CEF60B432274FDAF00C04442 /* CodeLineDetail.swift */,
				CE410E92227D383B00D4B351 /* FormatSwiftSummary.swift */,
				CE510E2E2256F34700B53541 /* MenuRulesVC.swift */,
				CECCE41722539EB800DF2C02 /* PBX.swift */,
				CEA6263920067DCA000F923D /* SampleCode.swift */,
				CEED5420229D9537005CC799 /* StoredRules.swift */,
				26ECD33C1E874B5C00380F56 /* ViewController.swift */,
				CE9BBFF62235598500DCE317 /* WordLookup.swift */,
				CE04499522A38BA400E8B7A7 /* Rules.txt */,
				CEA1C5182291C6860033024B /* Main.storyboard */,
				CEE7D49A2197560D005B0559 /* MyLibrary */,
				26ECD33E1E874B5C00380F56 /* Assets.xcassets */,
				26ECD3431E874B5C00380F56 /* Info.plist */,
			);
			path = AnalyseSwift;
			sourceTree = "<group>";
		};
		CE1D751221BDA90B00286967 /* AnalyseSwiftCodeUnitTests */ = {
			isa = PBXGroup;
			children = (
				CE1D751321BDA90B00286967 /* AnalyseSwiftCodeUnitTests.swift */,
				CE1D751521BDA90B00286967 /* Info.plist */,
			);
			path = AnalyseSwiftCodeUnitTests;
			sourceTree = "<group>";
		};
		CEE7D49A2197560D005B0559 /* MyLibrary */ = {
			isa = PBXGroup;
			children = (
				CE83F8BA1FFD329C00C39EC8 /* MyFuncs.swift */,
				CE67A6A31FFA066B00BD57BD /* StringExtension.swift */,
				CED9D7F8223E090F009978EF /* VBcompatablity.swift */,
			);
			path = MyLibrary;
			sourceTree = "<group>";
		};
/* End PBXGroup section */

/* Begin PBXNativeTarget section */
		26ECD3361E874B5B00380F56 /* AnalyseSwiftCode */ = {
			isa = PBXNativeTarget;
			buildConfigurationList = 26ECD3461E874B5C00380F56 /* Build configuration list for PBXNativeTarget "AnalyseSwiftCode" */;
			buildPhases = (
				26ECD3331E874B5B00380F56 /* Sources */,
				26ECD3341E874B5B00380F56 /* Frameworks */,
				26ECD3351E874B5B00380F56 /* Resources */,
			);
			buildRules = (
			);
			dependencies = (
			);
			name = AnalyseSwiftCode;
			productName = FileSpy;
			productReference = 26ECD3371E874B5C00380F56 /* AnalyseSwiftCode.app */;
			productType = "com.apple.product-type.application";
		};
		CE1D751021BDA90B00286967 /* AnalyseSwiftCodeUnitTests */ = {
			isa = PBXNativeTarget;
			buildConfigurationList = CE1D751821BDA90B00286967 /* Build configuration list for PBXNativeTarget "AnalyseSwiftCodeUnitTests" */;
			buildPhases = (
				CE1D750D21BDA90B00286967 /* Sources */,
				CE1D750E21BDA90B00286967 /* Frameworks */,
				CE1D750F21BDA90B00286967 /* Resources */,
			);
			buildRules = (
			);
			dependencies = (
				CE1D751721BDA90B00286967 /* PBXTargetDependency */,
			);
			name = AnalyseSwiftCodeUnitTests;
			productName = AnalyseSwiftCodeUnitTests;
			productReference = CE1D751121BDA90B00286967 /* AnalyseSwiftCodeUnitTests.xctest */;
			productType = "com.apple.product-type.bundle.unit-test";
		};
/* End PBXNativeTarget section */

/* Begin PBXProject section */
		26ECD32F1E874B5B00380F56 /* Project object */ = {
			isa = PBXProject;
			attributes = {
				LastSwiftUpdateCheck = 1010;
				LastUpgradeCheck = 0930;
				ORGANIZATIONNAME = "Ray Wenderlich";
				TargetAttributes = {
					26ECD3361E874B5B00380F56 = {
						CreatedOnToolsVersion = 8.2.1;
						DevelopmentTeam = XD8UZ6484B;
						LastSwiftMigration = 1020;
						ProvisioningStyle = Automatic;
					};
					CE1D751021BDA90B00286967 = {
						CreatedOnToolsVersion = 10.1;
						DevelopmentTeam = XD8UZ6484B;
						LastSwiftMigration = 1020;
						ProvisioningStyle = Automatic;
						TestTargetID = 26ECD3361E874B5B00380F56;
					};
				};
			};
			buildConfigurationList = 26ECD3321E874B5B00380F56 /* Build configuration list for PBXProject "AnalyseSwiftCode" */;
			compatibilityVersion = "Xcode 3.2";
			developmentRegion = en;
			hasScannedForEncodings = 0;
			knownRegions = (
				en,
			);
			mainGroup = 26ECD32E1E874B5B00380F56;
			productRefGroup = 26ECD3381E874B5C00380F56 /* Products */;
			projectDirPath = "";
			projectRoot = "";
			targets = (
				26ECD3361E874B5B00380F56 /* AnalyseSwiftCode */,
				CE1D751021BDA90B00286967 /* AnalyseSwiftCodeUnitTests */,
			);
		};
/* End PBXProject section */

/* Begin PBXResourcesBuildPhase section */
		26ECD3351E874B5B00380F56 /* Resources */ = {
			isa = PBXResourcesBuildPhase;
			buildActionMask = 2147483647;
			files = (
				26ECD33F1E874B5C00380F56 /* Assets.xcassets in Resources */,
				CE04499622A38BA400E8B7A7 /* Rules.txt in Resources */,
				CEA1C5192291C6860033024B /* Main.storyboard in Resources */,
			);
			runOnlyForDeploymentPostprocessing = 0;
		};
		CE1D750F21BDA90B00286967 /* Resources */ = {
			isa = PBXResourcesBuildPhase;
			buildActionMask = 2147483647;
			files = (
			);
			runOnlyForDeploymentPostprocessing = 0;
		};
/* End PBXResourcesBuildPhase section */

/* Begin PBXSourcesBuildPhase section */
		26ECD3331E874B5B00380F56 /* Sources */ = {
			isa = PBXSourcesBuildPhase;
			buildActionMask = 2147483647;
			files = (
				CECCE41822539EB800DF2C02 /* PBX.swift in Sources */,
				26ECD33D1E874B5C00380F56 /* ViewController.swift in Sources */,
				CED9D7F9223E090F009978EF /* VBcompatablity.swift in Sources */,
				CEED5421229D9537005CC799 /* StoredRules.swift in Sources */,
				CE4194AE21BD8C22006808B1 /* AttributableStrings.swift in Sources */,
				CE83F8BB1FFD329D00C39EC8 /* MyFuncs.swift in Sources */,
				CEBAD4A42194A8E600CBBCBA /* AnalyseXcodeproj.swift in Sources */,
				CE410E93227D383B00D4B351 /* FormatSwiftSummary.swift in Sources */,
				CEA6263A20067DCA000F923D /* SampleCode.swift in Sources */,
				CEA6263D20068AA2000F923D /* AnalyseSwift.swift in Sources */,
				CE37C72822B17CE800433E5D /* Alerts.swift in Sources */,
				CE510E2F2256F34700B53541 /* MenuRulesVC.swift in Sources */,
				26ECD33B1E874B5C00380F56 /* AppDelegate.swift in Sources */,
				CE67A6A41FFA066B00BD57BD /* StringExtension.swift in Sources */,
				CEE94E93223EB84E00A6F2FB /* AnalyseWWDC.swift in Sources */,
				CE9BBFF72235598500DCE317 /* WordLookup.swift in Sources */,
				CEF60B442274FDAF00C04442 /* CodeLineDetail.swift in Sources */,
			);
			runOnlyForDeploymentPostprocessing = 0;
		};
		CE1D750D21BDA90B00286967 /* Sources */ = {
			isa = PBXSourcesBuildPhase;
			buildActionMask = 2147483647;
			files = (
				CE1D751421BDA90B00286967 /* AnalyseSwiftCodeUnitTests.swift in Sources */,
			);
			runOnlyForDeploymentPostprocessing = 0;
		};
/* End PBXSourcesBuildPhase section */

/* Begin PBXTargetDependency section */
		CE1D751721BDA90B00286967 /* PBXTargetDependency */ = {
			isa = PBXTargetDependency;
			target = 26ECD3361E874B5B00380F56 /* AnalyseSwiftCode */;
			targetProxy = CE1D751621BDA90B00286967 /* PBXContainerItemProxy */;
		};
/* End PBXTargetDependency section */

/* Begin XCBuildConfiguration section */
		26ECD3441E874B5C00380F56 /* Debug */ = {
			isa = XCBuildConfiguration;
			buildSettings = {
				ALWAYS_SEARCH_USER_PATHS = NO;
				CLANG_ANALYZER_NONNULL = YES;
				CLANG_CXX_LANGUAGE_STANDARD = "gnu++0x";
				CLANG_CXX_LIBRARY = "libc++";
				CLANG_ENABLE_MODULES = YES;
				CLANG_ENABLE_OBJC_ARC = YES;
				CLANG_WARN_BLOCK_CAPTURE_AUTORELEASING = YES;
				CLANG_WARN_BOOL_CONVERSION = YES;
				CLANG_WARN_COMMA = YES;
				CLANG_WARN_CONSTANT_CONVERSION = YES;
				CLANG_WARN_DEPRECATED_OBJC_IMPLEMENTATIONS = YES;
				CLANG_WARN_DIRECT_OBJC_ISA_USAGE = YES_ERROR;
				CLANG_WARN_DOCUMENTATION_COMMENTS = YES;
				CLANG_WARN_EMPTY_BODY = YES;
				CLANG_WARN_ENUM_CONVERSION = YES;
				CLANG_WARN_INFINITE_RECURSION = YES;
				CLANG_WARN_INT_CONVERSION = YES;
				CLANG_WARN_NON_LITERAL_NULL_CONVERSION = YES;
				CLANG_WARN_OBJC_IMPLICIT_RETAIN_SELF = YES;
				CLANG_WARN_OBJC_LITERAL_CONVERSION = YES;
				CLANG_WARN_OBJC_ROOT_CLASS = YES_ERROR;
				CLANG_WARN_RANGE_LOOP_ANALYSIS = YES;
				CLANG_WARN_STRICT_PROTOTYPES = YES;
				CLANG_WARN_SUSPICIOUS_MOVE = YES;
				CLANG_WARN_UNREACHABLE_CODE = YES;
				CLANG_WARN__DUPLICATE_METHOD_MATCH = YES;
				CODE_SIGN_IDENTITY = "-";
				COPY_PHASE_STRIP = NO;
				DEBUG_INFORMATION_FORMAT = dwarf;
				ENABLE_STRICT_OBJC_MSGSEND = YES;
				ENABLE_TESTABILITY = YES;
				GCC_C_LANGUAGE_STANDARD = gnu99;
				GCC_DYNAMIC_NO_PIC = NO;
				GCC_NO_COMMON_BLOCKS = YES;
				GCC_OPTIMIZATION_LEVEL = 0;
				GCC_PREPROCESSOR_DEFINITIONS = (
					"DEBUG=1",
					"$(inherited)",
				);
				GCC_WARN_64_TO_32_BIT_CONVERSION = YES;
				GCC_WARN_ABOUT_RETURN_TYPE = YES_ERROR;
				GCC_WARN_UNDECLARED_SELECTOR = YES;
				GCC_WARN_UNINITIALIZED_AUTOS = YES_AGGRESSIVE;
				GCC_WARN_UNUSED_FUNCTION = YES;
				GCC_WARN_UNUSED_VARIABLE = YES;
				MACOSX_DEPLOYMENT_TARGET = 10.13;
				MTL_ENABLE_DEBUG_INFO = YES;
				ONLY_ACTIVE_ARCH = YES;
				SDKROOT = macosx;
				SWIFT_ACTIVE_COMPILATION_CONDITIONS = DEBUG;
				SWIFT_OPTIMIZATION_LEVEL = "-Onone";
			};
			name = Debug;
		};
		26ECD3451E874B5C00380F56 /* Release */ = {
			isa = XCBuildConfiguration;
			buildSettings = {
				ALWAYS_SEARCH_USER_PATHS = NO;
				CLANG_ANALYZER_NONNULL = YES;
				CLANG_CXX_LANGUAGE_STANDARD = "gnu++0x";
				CLANG_CXX_LIBRARY = "libc++";
				CLANG_ENABLE_MODULES = YES;
				CLANG_ENABLE_OBJC_ARC = YES;
				CLANG_WARN_BLOCK_CAPTURE_AUTORELEASING = YES;
				CLANG_WARN_BOOL_CONVERSION = YES;
				CLANG_WARN_COMMA = YES;
				CLANG_WARN_CONSTANT_CONVERSION = YES;
				CLANG_WARN_DEPRECATED_OBJC_IMPLEMENTATIONS = YES;
				CLANG_WARN_DIRECT_OBJC_ISA_USAGE = YES_ERROR;
				CLANG_WARN_DOCUMENTATION_COMMENTS = YES;
				CLANG_WARN_EMPTY_BODY = YES;
				CLANG_WARN_ENUM_CONVERSION = YES;
				CLANG_WARN_INFINITE_RECURSION = YES;
				CLANG_WARN_INT_CONVERSION = YES;
				CLANG_WARN_NON_LITERAL_NULL_CONVERSION = YES;
				CLANG_WARN_OBJC_IMPLICIT_RETAIN_SELF = YES;
				CLANG_WARN_OBJC_LITERAL_CONVERSION = YES;
				CLANG_WARN_OBJC_ROOT_CLASS = YES_ERROR;
				CLANG_WARN_RANGE_LOOP_ANALYSIS = YES;
				CLANG_WARN_STRICT_PROTOTYPES = YES;
				CLANG_WARN_SUSPICIOUS_MOVE = YES;
				CLANG_WARN_UNREACHABLE_CODE = YES;
				CLANG_WARN__DUPLICATE_METHOD_MATCH = YES;
				CODE_SIGN_IDENTITY = "-";
				COPY_PHASE_STRIP = NO;
				DEBUG_INFORMATION_FORMAT = "dwarf-with-dsym";
				ENABLE_NS_ASSERTIONS = NO;
				ENABLE_STRICT_OBJC_MSGSEND = YES;
				GCC_C_LANGUAGE_STANDARD = gnu99;
				GCC_NO_COMMON_BLOCKS = YES;
				GCC_WARN_64_TO_32_BIT_CONVERSION = YES;
				GCC_WARN_ABOUT_RETURN_TYPE = YES_ERROR;
				GCC_WARN_UNDECLARED_SELECTOR = YES;
				GCC_WARN_UNINITIALIZED_AUTOS = YES_AGGRESSIVE;
				GCC_WARN_UNUSED_FUNCTION = YES;
				GCC_WARN_UNUSED_VARIABLE = YES;
				MACOSX_DEPLOYMENT_TARGET = 10.13;
				MTL_ENABLE_DEBUG_INFO = NO;
				SDKROOT = macosx;
				SWIFT_OPTIMIZATION_LEVEL = "-Owholemodule";
			};
			name = Release;
		};
		26ECD3471E874B5C00380F56 /* Debug */ = {
			isa = XCBuildConfiguration;
			buildSettings = {
				ASSETCATALOG_COMPILER_APPICON_NAME = AppIcon;
				CODE_SIGN_IDENTITY = "Mac Developer";
				CODE_SIGN_STYLE = Automatic;
				COMBINE_HIDPI_IMAGES = YES;
				DEVELOPMENT_TEAM = "";
				INFOPLIST_FILE = AnalyseSwift/Info.plist;
				LD_RUNPATH_SEARCH_PATHS = "$(inherited) @executable_path/../Frameworks";
				MACOSX_DEPLOYMENT_TARGET = 10.12;
				PRODUCT_BUNDLE_IDENTIFIER = com.georgebauer.analyseswiftcode;
				PRODUCT_NAME = "$(TARGET_NAME)";
				PROVISIONING_PROFILE_SPECIFIER = "";
				SWIFT_VERSION = 5.0;
			};
			name = Debug;
		};
		26ECD3481E874B5C00380F56 /* Release */ = {
			isa = XCBuildConfiguration;
			buildSettings = {
				ASSETCATALOG_COMPILER_APPICON_NAME = AppIcon;
				CODE_SIGN_IDENTITY = "Mac Developer";
				CODE_SIGN_STYLE = Automatic;
				COMBINE_HIDPI_IMAGES = YES;
				DEVELOPMENT_TEAM = "";
				INFOPLIST_FILE = AnalyseSwift/Info.plist;
				LD_RUNPATH_SEARCH_PATHS = "$(inherited) @executable_path/../Frameworks";
				MACOSX_DEPLOYMENT_TARGET = 10.12;
				PRODUCT_BUNDLE_IDENTIFIER = com.georgebauer.analyseswiftcode;
				PRODUCT_NAME = "$(TARGET_NAME)";
				PROVISIONING_PROFILE_SPECIFIER = "";
				SWIFT_VERSION = 5.0;
			};
			name = Release;
		};
		CE1D751921BDA90B00286967 /* Debug */ = {
			isa = XCBuildConfiguration;
			buildSettings = {
				BUNDLE_LOADER = "$(TEST_HOST)";
				CLANG_ANALYZER_NUMBER_OBJECT_CONVERSION = YES_AGGRESSIVE;
				CLANG_CXX_LANGUAGE_STANDARD = "gnu++14";
				CLANG_ENABLE_OBJC_WEAK = YES;
				CLANG_WARN_UNGUARDED_AVAILABILITY = YES_AGGRESSIVE;
				CODE_SIGN_IDENTITY = "Mac Developer";
				CODE_SIGN_STYLE = Automatic;
				COMBINE_HIDPI_IMAGES = YES;
				DEVELOPMENT_TEAM = XD8UZ6484B;
				GCC_C_LANGUAGE_STANDARD = gnu11;
				INFOPLIST_FILE = AnalyseSwiftCodeUnitTests/Info.plist;
				LD_RUNPATH_SEARCH_PATHS = "$(inherited) @executable_path/../Frameworks @loader_path/../Frameworks";
				MACOSX_DEPLOYMENT_TARGET = 10.14;
				MTL_ENABLE_DEBUG_INFO = INCLUDE_SOURCE;
				MTL_FAST_MATH = YES;
				PRODUCT_BUNDLE_IDENTIFIER = com.georgebauer.AnalyseSwiftCodeUnitTests;
				PRODUCT_NAME = "$(TARGET_NAME)";
				SWIFT_VERSION = 5.0;
				TEST_HOST = "$(BUILT_PRODUCTS_DIR)/AnalyseSwiftCode.app/Contents/MacOS/AnalyseSwiftCode";
			};
			name = Debug;
		};
		CE1D751A21BDA90B00286967 /* Release */ = {
			isa = XCBuildConfiguration;
			buildSettings = {
				BUNDLE_LOADER = "$(TEST_HOST)";
				CLANG_ANALYZER_NUMBER_OBJECT_CONVERSION = YES_AGGRESSIVE;
				CLANG_CXX_LANGUAGE_STANDARD = "gnu++14";
				CLANG_ENABLE_OBJC_WEAK = YES;
				CLANG_WARN_UNGUARDED_AVAILABILITY = YES_AGGRESSIVE;
				CODE_SIGN_IDENTITY = "Mac Developer";
				CODE_SIGN_STYLE = Automatic;
				COMBINE_HIDPI_IMAGES = YES;
				DEVELOPMENT_TEAM = XD8UZ6484B;
				GCC_C_LANGUAGE_STANDARD = gnu11;
				INFOPLIST_FILE = AnalyseSwiftCodeUnitTests/Info.plist;
				LD_RUNPATH_SEARCH_PATHS = "$(inherited) @executable_path/../Frameworks @loader_path/../Frameworks";
				MACOSX_DEPLOYMENT_TARGET = 10.14;
				MTL_FAST_MATH = YES;
				PRODUCT_BUNDLE_IDENTIFIER = com.georgebauer.AnalyseSwiftCodeUnitTests;
				PRODUCT_NAME = "$(TARGET_NAME)";
				SWIFT_VERSION = 5.0;
				TEST_HOST = "$(BUILT_PRODUCTS_DIR)/AnalyseSwiftCode.app/Contents/MacOS/AnalyseSwiftCode";
			};
			name = Release;
		};
/* End XCBuildConfiguration section */

/* Begin XCConfigurationList section */
		26ECD3321E874B5B00380F56 /* Build configuration list for PBXProject "AnalyseSwiftCode" */ = {
			isa = XCConfigurationList;
			buildConfigurations = (
				26ECD3441E874B5C00380F56 /* Debug */,
				26ECD3451E874B5C00380F56 /* Release */,
			);
			defaultConfigurationIsVisible = 0;
			defaultConfigurationName = Release;
		};
		26ECD3461E874B5C00380F56 /* Build configuration list for PBXNativeTarget "AnalyseSwiftCode" */ = {
			isa = XCConfigurationList;
			buildConfigurations = (
				26ECD3471E874B5C00380F56 /* Debug */,
				26ECD3481E874B5C00380F56 /* Release */,
			);
			defaultConfigurationIsVisible = 0;
			defaultConfigurationName = Release;
		};
		CE1D751821BDA90B00286967 /* Build configuration list for PBXNativeTarget "AnalyseSwiftCodeUnitTests" */ = {
			isa = XCConfigurationList;
			buildConfigurations = (
				CE1D751921BDA90B00286967 /* Debug */,
				CE1D751A21BDA90B00286967 /* Release */,
			);
			defaultConfigurationIsVisible = 0;
			defaultConfigurationName = Release;
		};
/* End XCConfigurationList section */
	};
	rootObject = 26ECD32F1E874B5B00380F56 /* Project object */;
}
